// !$*UTF8*$!
{
	archiveVersion = 1;
	classes = {
	};
	objectVersion = 56;
	objects = {

/* Begin PBXBuildFile section */
		A49E1EFF2B6219FD00D9F777 /* Exceptional_ALIENApp.swift in Sources */ = {isa = PBXBuildFile; fileRef = A49E1EFE2B6219FD00D9F777 /* Exceptional_ALIENApp.swift */; };
		A49E1F012B6219FD00D9F777 /* ContentView.swift in Sources */ = {isa = PBXBuildFile; fileRef = A49E1F002B6219FD00D9F777 /* ContentView.swift */; };
		A49E1F032B6219FE00D9F777 /* Assets.xcassets in Resources */ = {isa = PBXBuildFile; fileRef = A49E1F022B6219FE00D9F777 /* Assets.xcassets */; };
		A49E1F062B6219FE00D9F777 /* Preview Assets.xcassets in Resources */ = {isa = PBXBuildFile; fileRef = A49E1F052B6219FE00D9F777 /* Preview Assets.xcassets */; };
		A49E1F0F2B621AA300D9F777 /* MapboxMaps in Frameworks */ = {isa = PBXBuildFile; productRef = A49E1F0E2B621AA300D9F777 /* MapboxMaps */; };
		A49E1F122B621AC100D9F777 /* MapView.swift in Sources */ = {isa = PBXBuildFile; fileRef = A49E1F112B621AC100D9F777 /* MapView.swift */; };
		A49E1F172B621C5500D9F777 /* NHaasGroteskDSStd-65Md.ttf in Resources */ = {isa = PBXBuildFile; fileRef = A49E1F142B621C5500D9F777 /* NHaasGroteskDSStd-65Md.ttf */; };
		A49E1F182B621C5500D9F777 /* Helvetica-Monospaced-W06-Rg.ttf in Resources */ = {isa = PBXBuildFile; fileRef = A49E1F152B621C5500D9F777 /* Helvetica-Monospaced-W06-Rg.ttf */; };
		A49E1F192B621C5500D9F777 /* NHaasGroteskDSStd-55Rg.ttf in Resources */ = {isa = PBXBuildFile; fileRef = A49E1F162B621C5500D9F777 /* NHaasGroteskDSStd-55Rg.ttf */; };
		A49E1F1B2B621D8800D9F777 /* Search.swift in Sources */ = {isa = PBXBuildFile; fileRef = A49E1F1A2B621D8800D9F777 /* Search.swift */; };
		A49E1F1D2B621D9000D9F777 /* Profile.swift in Sources */ = {isa = PBXBuildFile; fileRef = A49E1F1C2B621D9000D9F777 /* Profile.swift */; };
		A49E1F202B6227AB00D9F777 /* HomeTitle.swift in Sources */ = {isa = PBXBuildFile; fileRef = A49E1F1F2B6227AB00D9F777 /* HomeTitle.swift */; };
/* End PBXBuildFile section */

/* Begin PBXFileReference section */
		A49E1EFB2B6219FD00D9F777 /* Exceptional ALIEN.app */ = {isa = PBXFileReference; explicitFileType = wrapper.application; includeInIndex = 0; path = "Exceptional ALIEN.app"; sourceTree = BUILT_PRODUCTS_DIR; };
		A49E1EFE2B6219FD00D9F777 /* Exceptional_ALIENApp.swift */ = {isa = PBXFileReference; lastKnownFileType = sourcecode.swift; path = Exceptional_ALIENApp.swift; sourceTree = "<group>"; };
		A49E1F002B6219FD00D9F777 /* ContentView.swift */ = {isa = PBXFileReference; lastKnownFileType = sourcecode.swift; path = ContentView.swift; sourceTree = "<group>"; };
		A49E1F022B6219FE00D9F777 /* Assets.xcassets */ = {isa = PBXFileReference; lastKnownFileType = folder.assetcatalog; path = Assets.xcassets; sourceTree = "<group>"; };
		A49E1F052B6219FE00D9F777 /* Preview Assets.xcassets */ = {isa = PBXFileReference; lastKnownFileType = folder.assetcatalog; path = "Preview Assets.xcassets"; sourceTree = "<group>"; };
		A49E1F0C2B621A6400D9F777 /* Exceptional-ALIEN-Info.plist */ = {isa = PBXFileReference; lastKnownFileType = text.plist; path = "Exceptional-ALIEN-Info.plist"; sourceTree = SOURCE_ROOT; };
		A49E1F112B621AC100D9F777 /* MapView.swift */ = {isa = PBXFileReference; lastKnownFileType = sourcecode.swift; path = MapView.swift; sourceTree = "<group>"; };
		A49E1F142B621C5500D9F777 /* NHaasGroteskDSStd-65Md.ttf */ = {isa = PBXFileReference; lastKnownFileType = file; path = "NHaasGroteskDSStd-65Md.ttf"; sourceTree = "<group>"; };
		A49E1F152B621C5500D9F777 /* Helvetica-Monospaced-W06-Rg.ttf */ = {isa = PBXFileReference; lastKnownFileType = file; path = "Helvetica-Monospaced-W06-Rg.ttf"; sourceTree = "<group>"; };
		A49E1F162B621C5500D9F777 /* NHaasGroteskDSStd-55Rg.ttf */ = {isa = PBXFileReference; lastKnownFileType = file; path = "NHaasGroteskDSStd-55Rg.ttf"; sourceTree = "<group>"; };
		A49E1F1A2B621D8800D9F777 /* Search.swift */ = {isa = PBXFileReference; lastKnownFileType = sourcecode.swift; path = Search.swift; sourceTree = "<group>"; };
		A49E1F1C2B621D9000D9F777 /* Profile.swift */ = {isa = PBXFileReference; lastKnownFileType = sourcecode.swift; path = Profile.swift; sourceTree = "<group>"; };
		A49E1F1F2B6227AB00D9F777 /* HomeTitle.swift */ = {isa = PBXFileReference; lastKnownFileType = sourcecode.swift; path = HomeTitle.swift; sourceTree = "<group>"; };
/* End PBXFileReference section */

/* Begin PBXFrameworksBuildPhase section */
		A49E1EF82B6219FD00D9F777 /* Frameworks */ = {
			isa = PBXFrameworksBuildPhase;
			buildActionMask = 2147483647;
			files = (
				A49E1F0F2B621AA300D9F777 /* MapboxMaps in Frameworks */,
			);
			runOnlyForDeploymentPostprocessing = 0;
		};
/* End PBXFrameworksBuildPhase section */

/* Begin PBXGroup section */
		A49E1EF22B6219FD00D9F777 = {
			isa = PBXGroup;
			children = (
				A49E1EFD2B6219FD00D9F777 /* Exceptional ALIEN */,
				A49E1EFC2B6219FD00D9F777 /* Products */,
			);
			sourceTree = "<group>";
		};
		A49E1EFC2B6219FD00D9F777 /* Products */ = {
			isa = PBXGroup;
			children = (
				A49E1EFB2B6219FD00D9F777 /* Exceptional ALIEN.app */,
			);
			name = Products;
			sourceTree = "<group>";
		};
		A49E1EFD2B6219FD00D9F777 /* Exceptional ALIEN */ = {
			isa = PBXGroup;
			children = (
				A49E1F132B621C4A00D9F777 /* Fonts */,
				A49E1F102B621AB000D9F777 /* Views */,
				A49E1F0C2B621A6400D9F777 /* Exceptional-ALIEN-Info.plist */,
				A49E1EFE2B6219FD00D9F777 /* Exceptional_ALIENApp.swift */,
				A49E1F002B6219FD00D9F777 /* ContentView.swift */,
				A49E1F022B6219FE00D9F777 /* Assets.xcassets */,
				A49E1F042B6219FE00D9F777 /* Preview Content */,
			);
			path = "Exceptional ALIEN";
			sourceTree = "<group>";
		};
		A49E1F042B6219FE00D9F777 /* Preview Content */ = {
			isa = PBXGroup;
			children = (
				A49E1F052B6219FE00D9F777 /* Preview Assets.xcassets */,
			);
			path = "Preview Content";
			sourceTree = "<group>";
		};
		A49E1F102B621AB000D9F777 /* Views */ = {
			isa = PBXGroup;
			children = (
				A49E1F1E2B62278C00D9F777 /* Home */,
				A49E1F112B621AC100D9F777 /* MapView.swift */,
				A49E1F1A2B621D8800D9F777 /* Search.swift */,
				A49E1F1C2B621D9000D9F777 /* Profile.swift */,
			);
			path = Views;
			sourceTree = "<group>";
		};
		A49E1F132B621C4A00D9F777 /* Fonts */ = {
			isa = PBXGroup;
			children = (
				A49E1F152B621C5500D9F777 /* Helvetica-Monospaced-W06-Rg.ttf */,
				A49E1F162B621C5500D9F777 /* NHaasGroteskDSStd-55Rg.ttf */,
				A49E1F142B621C5500D9F777 /* NHaasGroteskDSStd-65Md.ttf */,
			);
			path = Fonts;
			sourceTree = "<group>";
		};
		A49E1F1E2B62278C00D9F777 /* Home */ = {
			isa = PBXGroup;
			children = (
				A49E1F1F2B6227AB00D9F777 /* HomeTitle.swift */,
			);
			path = Home;
			sourceTree = "<group>";
		};
/* End PBXGroup section */

/* Begin PBXNativeTarget section */
		A49E1EFA2B6219FD00D9F777 /* Exceptional ALIEN */ = {
			isa = PBXNativeTarget;
			buildConfigurationList = A49E1F092B6219FE00D9F777 /* Build configuration list for PBXNativeTarget "Exceptional ALIEN" */;
			buildPhases = (
				A49E1EF72B6219FD00D9F777 /* Sources */,
				A49E1EF82B6219FD00D9F777 /* Frameworks */,
				A49E1EF92B6219FD00D9F777 /* Resources */,
			);
			buildRules = (
			);
			dependencies = (
			);
			name = "Exceptional ALIEN";
			packageProductDependencies = (
				A49E1F0E2B621AA300D9F777 /* MapboxMaps */,
			);
			productName = "Exceptional ALIEN";
			productReference = A49E1EFB2B6219FD00D9F777 /* Exceptional ALIEN.app */;
			productType = "com.apple.product-type.application";
		};
/* End PBXNativeTarget section */

/* Begin PBXProject section */
		A49E1EF32B6219FD00D9F777 /* Project object */ = {
			isa = PBXProject;
			attributes = {
				BuildIndependentTargetsInParallel = 1;
				LastSwiftUpdateCheck = 1520;
				LastUpgradeCheck = 1520;
				TargetAttributes = {
					A49E1EFA2B6219FD00D9F777 = {
						CreatedOnToolsVersion = 15.2;
					};
				};
			};
			buildConfigurationList = A49E1EF62B6219FD00D9F777 /* Build configuration list for PBXProject "Exceptional ALIEN" */;
			compatibilityVersion = "Xcode 14.0";
			developmentRegion = en;
			hasScannedForEncodings = 0;
			knownRegions = (
				en,
				Base,
			);
			mainGroup = A49E1EF22B6219FD00D9F777;
			packageReferences = (
				A49E1F0D2B621AA300D9F777 /* XCRemoteSwiftPackageReference "mapbox-maps-ios" */,
			);
			productRefGroup = A49E1EFC2B6219FD00D9F777 /* Products */;
			projectDirPath = "";
			projectRoot = "";
			targets = (
				A49E1EFA2B6219FD00D9F777 /* Exceptional ALIEN */,
			);
		};
/* End PBXProject section */

/* Begin PBXResourcesBuildPhase section */
		A49E1EF92B6219FD00D9F777 /* Resources */ = {
			isa = PBXResourcesBuildPhase;
			buildActionMask = 2147483647;
			files = (
				A49E1F172B621C5500D9F777 /* NHaasGroteskDSStd-65Md.ttf in Resources */,
				A49E1F062B6219FE00D9F777 /* Preview Assets.xcassets in Resources */,
				A49E1F182B621C5500D9F777 /* Helvetica-Monospaced-W06-Rg.ttf in Resources */,
				A49E1F192B621C5500D9F777 /* NHaasGroteskDSStd-55Rg.ttf in Resources */,
				A49E1F032B6219FE00D9F777 /* Assets.xcassets in Resources */,
			);
			runOnlyForDeploymentPostprocessing = 0;
		};
/* End PBXResourcesBuildPhase section */

/* Begin PBXSourcesBuildPhase section */
		A49E1EF72B6219FD00D9F777 /* Sources */ = {
			isa = PBXSourcesBuildPhase;
			buildActionMask = 2147483647;
			files = (
				A49E1F012B6219FD00D9F777 /* ContentView.swift in Sources */,
				A49E1F1D2B621D9000D9F777 /* Profile.swift in Sources */,
				A49E1F1B2B621D8800D9F777 /* Search.swift in Sources */,
				A49E1F122B621AC100D9F777 /* MapView.swift in Sources */,
				A49E1EFF2B6219FD00D9F777 /* Exceptional_ALIENApp.swift in Sources */,
				A49E1F202B6227AB00D9F777 /* HomeTitle.swift in Sources */,
			);
			runOnlyForDeploymentPostprocessing = 0;
		};
/* End PBXSourcesBuildPhase section */

/* Begin XCBuildConfiguration section */
		A49E1F072B6219FE00D9F777 /* Debug */ = {
			isa = XCBuildConfiguration;
			buildSettings = {
				ALWAYS_SEARCH_USER_PATHS = NO;
				ASSETCATALOG_COMPILER_GENERATE_SWIFT_ASSET_SYMBOL_EXTENSIONS = YES;
				CLANG_ANALYZER_NONNULL = YES;
				CLANG_ANALYZER_NUMBER_OBJECT_CONVERSION = YES_AGGRESSIVE;
				CLANG_CXX_LANGUAGE_STANDARD = "gnu++20";
				CLANG_ENABLE_MODULES = YES;
				CLANG_ENABLE_OBJC_ARC = YES;
				CLANG_ENABLE_OBJC_WEAK = YES;
				CLANG_WARN_BLOCK_CAPTURE_AUTORELEASING = YES;
				CLANG_WARN_BOOL_CONVERSION = YES;
				CLANG_WARN_COMMA = YES;
				CLANG_WARN_CONSTANT_CONVERSION = YES;
				CLANG_WARN_DEPRECATED_OBJC_IMPLEMENTATIONS = YES;
				CLANG_WARN_DIRECT_OBJC_ISA_USAGE = YES_ERROR;
				CLANG_WARN_DOCUMENTATION_COMMENTS = YES;
				CLANG_WARN_EMPTY_BODY = YES;
				CLANG_WARN_ENUM_CONVERSION = YES;
				CLANG_WARN_INFINITE_RECURSION = YES;
				CLANG_WARN_INT_CONVERSION = YES;
				CLANG_WARN_NON_LITERAL_NULL_CONVERSION = YES;
				CLANG_WARN_OBJC_IMPLICIT_RETAIN_SELF = YES;
				CLANG_WARN_OBJC_LITERAL_CONVERSION = YES;
				CLANG_WARN_OBJC_ROOT_CLASS = YES_ERROR;
				CLANG_WARN_QUOTED_INCLUDE_IN_FRAMEWORK_HEADER = YES;
				CLANG_WARN_RANGE_LOOP_ANALYSIS = YES;
				CLANG_WARN_STRICT_PROTOTYPES = YES;
				CLANG_WARN_SUSPICIOUS_MOVE = YES;
				CLANG_WARN_UNGUARDED_AVAILABILITY = YES_AGGRESSIVE;
				CLANG_WARN_UNREACHABLE_CODE = YES;
				CLANG_WARN__DUPLICATE_METHOD_MATCH = YES;
				COPY_PHASE_STRIP = NO;
				DEBUG_INFORMATION_FORMAT = dwarf;
				ENABLE_STRICT_OBJC_MSGSEND = YES;
				ENABLE_TESTABILITY = YES;
				ENABLE_USER_SCRIPT_SANDBOXING = YES;
				GCC_C_LANGUAGE_STANDARD = gnu17;
				GCC_DYNAMIC_NO_PIC = NO;
				GCC_NO_COMMON_BLOCKS = YES;
				GCC_OPTIMIZATION_LEVEL = 0;
				GCC_PREPROCESSOR_DEFINITIONS = (
					"DEBUG=1",
					"$(inherited)",
				);
				GCC_WARN_64_TO_32_BIT_CONVERSION = YES;
				GCC_WARN_ABOUT_RETURN_TYPE = YES_ERROR;
				GCC_WARN_UNDECLARED_SELECTOR = YES;
				GCC_WARN_UNINITIALIZED_AUTOS = YES_AGGRESSIVE;
				GCC_WARN_UNUSED_FUNCTION = YES;
				GCC_WARN_UNUSED_VARIABLE = YES;
				IPHONEOS_DEPLOYMENT_TARGET = 17.0;
				LOCALIZATION_PREFERS_STRING_CATALOGS = YES;
				MTL_ENABLE_DEBUG_INFO = INCLUDE_SOURCE;
				MTL_FAST_MATH = YES;
				ONLY_ACTIVE_ARCH = YES;
				SDKROOT = iphoneos;
				SWIFT_ACTIVE_COMPILATION_CONDITIONS = "DEBUG $(inherited)";
				SWIFT_OPTIMIZATION_LEVEL = "-Onone";
			};
			name = Debug;
		};
		A49E1F082B6219FE00D9F777 /* Release */ = {
			isa = XCBuildConfiguration;
			buildSettings = {
				ALWAYS_SEARCH_USER_PATHS = NO;
				ASSETCATALOG_COMPILER_GENERATE_SWIFT_ASSET_SYMBOL_EXTENSIONS = YES;
				CLANG_ANALYZER_NONNULL = YES;
				CLANG_ANALYZER_NUMBER_OBJECT_CONVERSION = YES_AGGRESSIVE;
				CLANG_CXX_LANGUAGE_STANDARD = "gnu++20";
				CLANG_ENABLE_MODULES = YES;
				CLANG_ENABLE_OBJC_ARC = YES;
				CLANG_ENABLE_OBJC_WEAK = YES;
				CLANG_WARN_BLOCK_CAPTURE_AUTORELEASING = YES;
				CLANG_WARN_BOOL_CONVERSION = YES;
				CLANG_WARN_COMMA = YES;
				CLANG_WARN_CONSTANT_CONVERSION = YES;
				CLANG_WARN_DEPRECATED_OBJC_IMPLEMENTATIONS = YES;
				CLANG_WARN_DIRECT_OBJC_ISA_USAGE = YES_ERROR;
				CLANG_WARN_DOCUMENTATION_COMMENTS = YES;
				CLANG_WARN_EMPTY_BODY = YES;
				CLANG_WARN_ENUM_CONVERSION = YES;
				CLANG_WARN_INFINITE_RECURSION = YES;
				CLANG_WARN_INT_CONVERSION = YES;
				CLANG_WARN_NON_LITERAL_NULL_CONVERSION = YES;
				CLANG_WARN_OBJC_IMPLICIT_RETAIN_SELF = YES;
				CLANG_WARN_OBJC_LITERAL_CONVERSION = YES;
				CLANG_WARN_OBJC_ROOT_CLASS = YES_ERROR;
				CLANG_WARN_QUOTED_INCLUDE_IN_FRAMEWORK_HEADER = YES;
				CLANG_WARN_RANGE_LOOP_ANALYSIS = YES;
				CLANG_WARN_STRICT_PROTOTYPES = YES;
				CLANG_WARN_SUSPICIOUS_MOVE = YES;
				CLANG_WARN_UNGUARDED_AVAILABILITY = YES_AGGRESSIVE;
				CLANG_WARN_UNREACHABLE_CODE = YES;
				CLANG_WARN__DUPLICATE_METHOD_MATCH = YES;
				COPY_PHASE_STRIP = NO;
				DEBUG_INFORMATION_FORMAT = "dwarf-with-dsym";
				ENABLE_NS_ASSERTIONS = NO;
				ENABLE_STRICT_OBJC_MSGSEND = YES;
				ENABLE_USER_SCRIPT_SANDBOXING = YES;
				GCC_C_LANGUAGE_STANDARD = gnu17;
				GCC_NO_COMMON_BLOCKS = YES;
				GCC_WARN_64_TO_32_BIT_CONVERSION = YES;
				GCC_WARN_ABOUT_RETURN_TYPE = YES_ERROR;
				GCC_WARN_UNDECLARED_SELECTOR = YES;
				GCC_WARN_UNINITIALIZED_AUTOS = YES_AGGRESSIVE;
				GCC_WARN_UNUSED_FUNCTION = YES;
				GCC_WARN_UNUSED_VARIABLE = YES;
				IPHONEOS_DEPLOYMENT_TARGET = 17.0;
				LOCALIZATION_PREFERS_STRING_CATALOGS = YES;
				MTL_ENABLE_DEBUG_INFO = NO;
				MTL_FAST_MATH = YES;
				SDKROOT = iphoneos;
				SWIFT_COMPILATION_MODE = wholemodule;
				VALIDATE_PRODUCT = YES;
			};
			name = Release;
		};
		A49E1F0A2B6219FE00D9F777 /* Debug */ = {
			isa = XCBuildConfiguration;
			buildSettings = {
				ASSETCATALOG_COMPILER_APPICON_NAME = AppIcon;
				ASSETCATALOG_COMPILER_GLOBAL_ACCENT_COLOR_NAME = AccentColor;
				CODE_SIGN_STYLE = Automatic;
				CURRENT_PROJECT_VERSION = 1;
				DEVELOPMENT_ASSET_PATHS = "\"Exceptional ALIEN/Preview Content\"";
				DEVELOPMENT_TEAM = 585NW5Q5ZJ;
				ENABLE_PREVIEWS = YES;
				GENERATE_INFOPLIST_FILE = YES;
				INFOPLIST_FILE = "Exceptional-ALIEN-Info.plist";
				INFOPLIST_KEY_UIApplicationSceneManifest_Generation = YES;
				INFOPLIST_KEY_UIApplicationSupportsIndirectInputEvents = YES;
				INFOPLIST_KEY_UILaunchScreen_Generation = YES;
				INFOPLIST_KEY_UISupportedInterfaceOrientations_iPad = "UIInterfaceOrientationPortrait UIInterfaceOrientationPortraitUpsideDown UIInterfaceOrientationLandscapeLeft UIInterfaceOrientationLandscapeRight";
				INFOPLIST_KEY_UISupportedInterfaceOrientations_iPhone = "UIInterfaceOrientationPortrait UIInterfaceOrientationLandscapeLeft UIInterfaceOrientationLandscapeRight";
				LD_RUNPATH_SEARCH_PATHS = (
					"$(inherited)",
					"@executable_path/Frameworks",
				);
				MARKETING_VERSION = 2.0;
				PRODUCT_BUNDLE_IDENTIFIER = "com.exceptionalalien.Exceptional-ALIEN";
				PRODUCT_NAME = "$(TARGET_NAME)";
				SWIFT_EMIT_LOC_STRINGS = YES;
				SWIFT_VERSION = 5.0;
				TARGETED_DEVICE_FAMILY = "1,2";
			};
			name = Debug;
		};
		A49E1F0B2B6219FE00D9F777 /* Release */ = {
			isa = XCBuildConfiguration;
			buildSettings = {
				ASSETCATALOG_COMPILER_APPICON_NAME = AppIcon;
				ASSETCATALOG_COMPILER_GLOBAL_ACCENT_COLOR_NAME = AccentColor;
				CODE_SIGN_STYLE = Automatic;
				CURRENT_PROJECT_VERSION = 1;
				DEVELOPMENT_ASSET_PATHS = "\"Exceptional ALIEN/Preview Content\"";
				DEVELOPMENT_TEAM = 585NW5Q5ZJ;
				ENABLE_PREVIEWS = YES;
				GENERATE_INFOPLIST_FILE = YES;
				INFOPLIST_FILE = "Exceptional-ALIEN-Info.plist";
				INFOPLIST_KEY_UIApplicationSceneManifest_Generation = YES;
				INFOPLIST_KEY_UIApplicationSupportsIndirectInputEvents = YES;
				INFOPLIST_KEY_UILaunchScreen_Generation = YES;
				INFOPLIST_KEY_UISupportedInterfaceOrientations_iPad = "UIInterfaceOrientationPortrait UIInterfaceOrientationPortraitUpsideDown UIInterfaceOrientationLandscapeLeft UIInterfaceOrientationLandscapeRight";
				INFOPLIST_KEY_UISupportedInterfaceOrientations_iPhone = "UIInterfaceOrientationPortrait UIInterfaceOrientationLandscapeLeft UIInterfaceOrientationLandscapeRight";
				LD_RUNPATH_SEARCH_PATHS = (
					"$(inherited)",
					"@executable_path/Frameworks",
				);
				MARKETING_VERSION = 2.0;
				PRODUCT_BUNDLE_IDENTIFIER = "com.exceptionalalien.Exceptional-ALIEN";
				PRODUCT_NAME = "$(TARGET_NAME)";
				SWIFT_EMIT_LOC_STRINGS = YES;
				SWIFT_VERSION = 5.0;
				TARGETED_DEVICE_FAMILY = "1,2";
			};
			name = Release;
		};
/* End XCBuildConfiguration section */

/* Begin XCConfigurationList section */
		A49E1EF62B6219FD00D9F777 /* Build configuration list for PBXProject "Exceptional ALIEN" */ = {
			isa = XCConfigurationList;
			buildConfigurations = (
				A49E1F072B6219FE00D9F777 /* Debug */,
				A49E1F082B6219FE00D9F777 /* Release */,
			);
			defaultConfigurationIsVisible = 0;
			defaultConfigurationName = Release;
		};
		A49E1F092B6219FE00D9F777 /* Build configuration list for PBXNativeTarget "Exceptional ALIEN" */ = {
			isa = XCConfigurationList;
			buildConfigurations = (
				A49E1F0A2B6219FE00D9F777 /* Debug */,
				A49E1F0B2B6219FE00D9F777 /* Release */,
			);
			defaultConfigurationIsVisible = 0;
			defaultConfigurationName = Release;
		};
/* End XCConfigurationList section */

/* Begin XCRemoteSwiftPackageReference section */
		A49E1F0D2B621AA300D9F777 /* XCRemoteSwiftPackageReference "mapbox-maps-ios" */ = {
			isa = XCRemoteSwiftPackageReference;
			repositoryURL = "https://github.com/mapbox/mapbox-maps-ios.git";
			requirement = {
				kind = upToNextMajorVersion;
				minimumVersion = 11.0.0;
			};
		};
/* End XCRemoteSwiftPackageReference section */

/* Begin XCSwiftPackageProductDependency section */
		A49E1F0E2B621AA300D9F777 /* MapboxMaps */ = {
			isa = XCSwiftPackageProductDependency;
			package = A49E1F0D2B621AA300D9F777 /* XCRemoteSwiftPackageReference "mapbox-maps-ios" */;
			productName = MapboxMaps;
		};
/* End XCSwiftPackageProductDependency section */
	};
	rootObject = A49E1EF32B6219FD00D9F777 /* Project object */;
}
